
Microsoft Visual Studio Solution File, Format Version 12.00
# Visual Studio 14
Project("{FAE04EC0-301F-11D3-BF4B-00C04F79EFBC}") = "BTSExpenseDemo", "BTSExpenseDemo.btproj", "{BF93C71C-2984-48CF-99E1-0E81A4F3E390}"
EndProject
Global
	GlobalSection(SolutionConfigurationPlatforms) = preSolution
		Debug|Any CPU = Debug|Any CPU
		Release|Any CPU = Release|Any CPU
	EndGlobalSection
	GlobalSection(ProjectConfigurationPlatforms) = postSolution
		{BF93C71C-2984-48CF-99E1-0E81A4F3E390}.Debug|Any CPU.ActiveCfg = Debug|Any CPU
		{BF93C71C-2984-48CF-99E1-0E81A4F3E390}.Debug|Any CPU.Build.0 = Debug|Any CPU
		{BF93C71C-2984-48CF-99E1-0E81A4F3E390}.Debug|Any CPU.Deploy.0 = Debug|Any CPU
		{BF93C71C-2984-48CF-99E1-0E81A4F3E390}.Release|Any CPU.ActiveCfg = Release|Any CPU
		{BF93C71C-2984-48CF-99E1-0E81A4F3E390}.Release|Any CPU.Build.0 = Release|Any CPU
		{BF93C71C-2984-48CF-99E1-0E81A4F3E390}.Release|Any CPU.Deploy.0 = Release|Any CPU
	EndGlobalSection
	GlobalSection(SolutionProperties) = preSolution
		HideSolutionNode = FALSE
	EndGlobalSection
EndGlobal
