
Microsoft Visual Studio Solution File, Format Version 12.00
# Visual Studio 11
Project("{8BC9CEB8-8B4A-11D0-8D11-00A0C91BC942}") = "LargeMessages", "LargeMessages\LargeMessages.vcxproj", "{52871986-F471-4064-A429-ADC95AA62DE1}"
EndProject
Project("{FAE04EC0-301F-11D3-BF4B-00C04F79EFBC}") = "SendLargeMessage", "SendLargeMessage\SendLargeMessage.csproj", "{A421058E-6ADE-44B0-8410-4B80B8FC0410}"
EndProject
Global
	GlobalSection(SolutionConfigurationPlatforms) = preSolution
		Debug|Mixed Platforms = Debug|Mixed Platforms
		Debug|Win32 = Debug|Win32
		Release|Mixed Platforms = Release|Mixed Platforms
		Release|Win32 = Release|Win32
	EndGlobalSection
	GlobalSection(ProjectConfigurationPlatforms) = postSolution
		{52871986-F471-4064-A429-ADC95AA62DE1}.Debug|Mixed Platforms.ActiveCfg = Debug|Win32
		{52871986-F471-4064-A429-ADC95AA62DE1}.Debug|Mixed Platforms.Build.0 = Debug|Win32
		{52871986-F471-4064-A429-ADC95AA62DE1}.Debug|Win32.ActiveCfg = Debug|Win32
		{52871986-F471-4064-A429-ADC95AA62DE1}.Debug|Win32.Build.0 = Debug|Win32
		{52871986-F471-4064-A429-ADC95AA62DE1}.Release|Mixed Platforms.ActiveCfg = Debug|Win32
		{52871986-F471-4064-A429-ADC95AA62DE1}.Release|Mixed Platforms.Build.0 = Debug|Win32
		{52871986-F471-4064-A429-ADC95AA62DE1}.Release|Win32.ActiveCfg = Release|Win32
		{52871986-F471-4064-A429-ADC95AA62DE1}.Release|Win32.Build.0 = Release|Win32
		{A421058E-6ADE-44B0-8410-4B80B8FC0410}.Debug|Mixed Platforms.ActiveCfg = Debug|Any CPU
		{A421058E-6ADE-44B0-8410-4B80B8FC0410}.Debug|Mixed Platforms.Build.0 = Debug|Any CPU
		{A421058E-6ADE-44B0-8410-4B80B8FC0410}.Debug|Win32.ActiveCfg = Debug|Any CPU
		{A421058E-6ADE-44B0-8410-4B80B8FC0410}.Release|Mixed Platforms.ActiveCfg = Debug|Any CPU
		{A421058E-6ADE-44B0-8410-4B80B8FC0410}.Release|Mixed Platforms.Build.0 = Debug|Any CPU
		{A421058E-6ADE-44B0-8410-4B80B8FC0410}.Release|Win32.ActiveCfg = Release|Any CPU
	EndGlobalSection
	GlobalSection(SolutionProperties) = preSolution
		HideSolutionNode = FALSE
	EndGlobalSection
EndGlobal
