Microsoft Visual Studio Solution File, Format Version 12.00
# Visual Studio 11
Project("{FAE04EC0-301F-11D3-BF4B-00C04F79EFBC}") = "Buyer", "Buyer\Buyer.btproj", "{218CE2A9-D9DB-4EF6-88A3-C2294C6D46EF}"
EndProject
Project("{FAE04EC0-301F-11D3-BF4B-00C04F79EFBC}") = "QueryShipmentCatalogComponent", "QueryShipmentCatalogComponent\QueryShipmentCatalogComponent.csproj", "{86351F5B-24B6-44BA-8EAC-3B1B7F2FCEDD}"
EndProject
Project("{FAE04EC0-301F-11D3-BF4B-00C04F79EFBC}") = "Schemas", "Schemas\Schemas.btproj", "{686441BB-379B-4940-B8E7-2F3C7D677561}"
EndProject
Project("{FAE04EC0-301F-11D3-BF4B-00C04F79EFBC}") = "Supplier", "Supplier\Supplier.btproj", "{368D4E13-9CD9-4A85-BA08-A1BC4C280036}"
EndProject
Project("{FAE04EC0-301F-11D3-BF4B-00C04F79EFBC}") = "CheckPartyName", "CheckPartyName\CheckPartyName.csproj", "{F7DD9263-78A9-49E1-8A07-DEF735543238}"
EndProject
Project("{FAE04EC0-301F-11D3-BF4B-00C04F79EFBC}") = "ShipmentAgency1", "ShipmentAgency1\ShipmentAgency1.btproj", "{61A4EB72-BAF2-4F43-9F94-0649A25D5193}"
EndProject
Project("{FAE04EC0-301F-11D3-BF4B-00C04F79EFBC}") = "ShipmentAgency2", "ShipmentAgency2\ShipmentAgency2.btproj", "{07F62622-579F-4D95-8631-3C0066B0D6A3}"
EndProject
Project("{FAE04EC0-301F-11D3-BF4B-00C04F79EFBC}") = "FilePolling", "FilePolling\FilePolling.csproj", "{AC3A6815-91C5-4B51-86B8-30D16347BE70}"
EndProject
Project("{FAE04EC0-301F-11D3-BF4B-00C04F79EFBC}") = "ProjectSchema", "Pipeline\projectschema\ProjectSchema.btproj", "{4D9BE62E-C822-4006-84AC-A5D903BEE3DF}"
EndProject
Global
	GlobalSection(SolutionConfigurationPlatforms) = preSolution
		Debug|.NET = Debug|.NET
		Debug|Any CPU = Debug|Any CPU
		Release|.NET = Release|.NET
		Release|Any CPU = Release|Any CPU
		Standard|.NET = Standard|.NET
		Standard|Any CPU = Standard|Any CPU
	EndGlobalSection
	GlobalSection(ProjectConfigurationPlatforms) = postSolution
		{218CE2A9-D9DB-4EF6-88A3-C2294C6D46EF}.Debug|.NET.ActiveCfg = Release|Any CPU
		{218CE2A9-D9DB-4EF6-88A3-C2294C6D46EF}.Debug|.NET.Build.0 = Release|Any CPU
		{218CE2A9-D9DB-4EF6-88A3-C2294C6D46EF}.Debug|.NET.Deploy.0 = Release|Any CPU
		{218CE2A9-D9DB-4EF6-88A3-C2294C6D46EF}.Debug|Any CPU.ActiveCfg = Release|Any CPU
		{218CE2A9-D9DB-4EF6-88A3-C2294C6D46EF}.Debug|Any CPU.Build.0 = Release|Any CPU
		{218CE2A9-D9DB-4EF6-88A3-C2294C6D46EF}.Debug|Any CPU.Deploy.0 = Release|Any CPU
		{218CE2A9-D9DB-4EF6-88A3-C2294C6D46EF}.Release|.NET.ActiveCfg = Release|Any CPU
		{218CE2A9-D9DB-4EF6-88A3-C2294C6D46EF}.Release|.NET.Build.0 = Release|Any CPU
		{218CE2A9-D9DB-4EF6-88A3-C2294C6D46EF}.Release|.NET.Deploy.0 = Release|Any CPU
		{218CE2A9-D9DB-4EF6-88A3-C2294C6D46EF}.Release|Any CPU.ActiveCfg = Release|Any CPU
		{218CE2A9-D9DB-4EF6-88A3-C2294C6D46EF}.Release|Any CPU.Build.0 = Release|Any CPU
		{218CE2A9-D9DB-4EF6-88A3-C2294C6D46EF}.Release|Any CPU.Deploy.0 = Release|Any CPU
		{218CE2A9-D9DB-4EF6-88A3-C2294C6D46EF}.Standard|.NET.ActiveCfg = Release|Any CPU
		{218CE2A9-D9DB-4EF6-88A3-C2294C6D46EF}.Standard|.NET.Build.0 = Release|Any CPU
		{218CE2A9-D9DB-4EF6-88A3-C2294C6D46EF}.Standard|.NET.Deploy.0 = Release|Any CPU
		{218CE2A9-D9DB-4EF6-88A3-C2294C6D46EF}.Standard|Any CPU.ActiveCfg = Release|Any CPU
		{218CE2A9-D9DB-4EF6-88A3-C2294C6D46EF}.Standard|Any CPU.Build.0 = Release|Any CPU
		{218CE2A9-D9DB-4EF6-88A3-C2294C6D46EF}.Standard|Any CPU.Deploy.0 = Release|Any CPU
		{86351F5B-24B6-44BA-8EAC-3B1B7F2FCEDD}.Debug|.NET.ActiveCfg = Debug|Any CPU
		{86351F5B-24B6-44BA-8EAC-3B1B7F2FCEDD}.Debug|.NET.Build.0 = Debug|Any CPU
		{86351F5B-24B6-44BA-8EAC-3B1B7F2FCEDD}.Debug|Any CPU.ActiveCfg = Debug|Any CPU
		{86351F5B-24B6-44BA-8EAC-3B1B7F2FCEDD}.Debug|Any CPU.Build.0 = Debug|Any CPU
		{86351F5B-24B6-44BA-8EAC-3B1B7F2FCEDD}.Release|.NET.ActiveCfg = Debug|Any CPU
		{86351F5B-24B6-44BA-8EAC-3B1B7F2FCEDD}.Release|.NET.Build.0 = Debug|Any CPU
		{86351F5B-24B6-44BA-8EAC-3B1B7F2FCEDD}.Release|Any CPU.ActiveCfg = Release|Any CPU
		{86351F5B-24B6-44BA-8EAC-3B1B7F2FCEDD}.Release|Any CPU.Build.0 = Release|Any CPU
		{86351F5B-24B6-44BA-8EAC-3B1B7F2FCEDD}.Standard|.NET.ActiveCfg = Release|Any CPU
		{86351F5B-24B6-44BA-8EAC-3B1B7F2FCEDD}.Standard|Any CPU.ActiveCfg = Release|Any CPU
		{86351F5B-24B6-44BA-8EAC-3B1B7F2FCEDD}.Standard|Any CPU.Build.0 = Release|Any CPU
		{686441BB-379B-4940-B8E7-2F3C7D677561}.Debug|.NET.ActiveCfg = Release|Any CPU
		{686441BB-379B-4940-B8E7-2F3C7D677561}.Debug|.NET.Build.0 = Release|Any CPU
		{686441BB-379B-4940-B8E7-2F3C7D677561}.Debug|.NET.Deploy.0 = Release|Any CPU
		{686441BB-379B-4940-B8E7-2F3C7D677561}.Debug|Any CPU.ActiveCfg = Release|Any CPU
		{686441BB-379B-4940-B8E7-2F3C7D677561}.Debug|Any CPU.Build.0 = Release|Any CPU
		{686441BB-379B-4940-B8E7-2F3C7D677561}.Debug|Any CPU.Deploy.0 = Release|Any CPU
		{686441BB-379B-4940-B8E7-2F3C7D677561}.Release|.NET.ActiveCfg = Release|Any CPU
		{686441BB-379B-4940-B8E7-2F3C7D677561}.Release|.NET.Build.0 = Release|Any CPU
		{686441BB-379B-4940-B8E7-2F3C7D677561}.Release|.NET.Deploy.0 = Release|Any CPU
		{686441BB-379B-4940-B8E7-2F3C7D677561}.Release|Any CPU.ActiveCfg = Release|Any CPU
		{686441BB-379B-4940-B8E7-2F3C7D677561}.Release|Any CPU.Build.0 = Release|Any CPU
		{686441BB-379B-4940-B8E7-2F3C7D677561}.Release|Any CPU.Deploy.0 = Release|Any CPU
		{686441BB-379B-4940-B8E7-2F3C7D677561}.Standard|.NET.ActiveCfg = Release|Any CPU
		{686441BB-379B-4940-B8E7-2F3C7D677561}.Standard|.NET.Build.0 = Release|Any CPU
		{686441BB-379B-4940-B8E7-2F3C7D677561}.Standard|.NET.Deploy.0 = Release|Any CPU
		{686441BB-379B-4940-B8E7-2F3C7D677561}.Standard|Any CPU.ActiveCfg = Release|Any CPU
		{686441BB-379B-4940-B8E7-2F3C7D677561}.Standard|Any CPU.Build.0 = Release|Any CPU
		{686441BB-379B-4940-B8E7-2F3C7D677561}.Standard|Any CPU.Deploy.0 = Release|Any CPU
		{368D4E13-9CD9-4A85-BA08-A1BC4C280036}.Debug|.NET.ActiveCfg = Release|Any CPU
		{368D4E13-9CD9-4A85-BA08-A1BC4C280036}.Debug|.NET.Build.0 = Release|Any CPU
		{368D4E13-9CD9-4A85-BA08-A1BC4C280036}.Debug|.NET.Deploy.0 = Release|Any CPU
		{368D4E13-9CD9-4A85-BA08-A1BC4C280036}.Debug|Any CPU.ActiveCfg = Release|Any CPU
		{368D4E13-9CD9-4A85-BA08-A1BC4C280036}.Debug|Any CPU.Build.0 = Release|Any CPU
		{368D4E13-9CD9-4A85-BA08-A1BC4C280036}.Debug|Any CPU.Deploy.0 = Release|Any CPU
		{368D4E13-9CD9-4A85-BA08-A1BC4C280036}.Release|.NET.ActiveCfg = Release|Any CPU
		{368D4E13-9CD9-4A85-BA08-A1BC4C280036}.Release|.NET.Build.0 = Release|Any CPU
		{368D4E13-9CD9-4A85-BA08-A1BC4C280036}.Release|.NET.Deploy.0 = Release|Any CPU
		{368D4E13-9CD9-4A85-BA08-A1BC4C280036}.Release|Any CPU.ActiveCfg = Release|Any CPU
		{368D4E13-9CD9-4A85-BA08-A1BC4C280036}.Release|Any CPU.Build.0 = Release|Any CPU
		{368D4E13-9CD9-4A85-BA08-A1BC4C280036}.Release|Any CPU.Deploy.0 = Release|Any CPU
		{368D4E13-9CD9-4A85-BA08-A1BC4C280036}.Standard|.NET.ActiveCfg = Release|Any CPU
		{368D4E13-9CD9-4A85-BA08-A1BC4C280036}.Standard|.NET.Build.0 = Release|Any CPU
		{368D4E13-9CD9-4A85-BA08-A1BC4C280036}.Standard|.NET.Deploy.0 = Release|Any CPU
		{368D4E13-9CD9-4A85-BA08-A1BC4C280036}.Standard|Any CPU.ActiveCfg = Release|Any CPU
		{368D4E13-9CD9-4A85-BA08-A1BC4C280036}.Standard|Any CPU.Build.0 = Release|Any CPU
		{368D4E13-9CD9-4A85-BA08-A1BC4C280036}.Standard|Any CPU.Deploy.0 = Release|Any CPU
		{F7DD9263-78A9-49E1-8A07-DEF735543238}.Debug|.NET.ActiveCfg = Debug|Any CPU
		{F7DD9263-78A9-49E1-8A07-DEF735543238}.Debug|.NET.Build.0 = Debug|Any CPU
		{F7DD9263-78A9-49E1-8A07-DEF735543238}.Debug|Any CPU.ActiveCfg = Debug|Any CPU
		{F7DD9263-78A9-49E1-8A07-DEF735543238}.Debug|Any CPU.Build.0 = Debug|Any CPU
		{F7DD9263-78A9-49E1-8A07-DEF735543238}.Release|.NET.ActiveCfg = Debug|Any CPU
		{F7DD9263-78A9-49E1-8A07-DEF735543238}.Release|.NET.Build.0 = Debug|Any CPU
		{F7DD9263-78A9-49E1-8A07-DEF735543238}.Release|.NET.Deploy.0 = Debug|Any CPU
		{F7DD9263-78A9-49E1-8A07-DEF735543238}.Release|Any CPU.ActiveCfg = Release|Any CPU
		{F7DD9263-78A9-49E1-8A07-DEF735543238}.Release|Any CPU.Build.0 = Release|Any CPU
		{F7DD9263-78A9-49E1-8A07-DEF735543238}.Standard|.NET.ActiveCfg = Release|Any CPU
		{F7DD9263-78A9-49E1-8A07-DEF735543238}.Standard|Any CPU.ActiveCfg = Release|Any CPU
		{F7DD9263-78A9-49E1-8A07-DEF735543238}.Standard|Any CPU.Build.0 = Release|Any CPU
		{61A4EB72-BAF2-4F43-9F94-0649A25D5193}.Debug|.NET.ActiveCfg = Release|Any CPU
		{61A4EB72-BAF2-4F43-9F94-0649A25D5193}.Debug|.NET.Build.0 = Release|Any CPU
		{61A4EB72-BAF2-4F43-9F94-0649A25D5193}.Debug|.NET.Deploy.0 = Release|Any CPU
		{61A4EB72-BAF2-4F43-9F94-0649A25D5193}.Debug|Any CPU.ActiveCfg = Release|Any CPU
		{61A4EB72-BAF2-4F43-9F94-0649A25D5193}.Debug|Any CPU.Build.0 = Release|Any CPU
		{61A4EB72-BAF2-4F43-9F94-0649A25D5193}.Debug|Any CPU.Deploy.0 = Release|Any CPU
		{61A4EB72-BAF2-4F43-9F94-0649A25D5193}.Release|.NET.ActiveCfg = Release|Any CPU
		{61A4EB72-BAF2-4F43-9F94-0649A25D5193}.Release|.NET.Build.0 = Release|Any CPU
		{61A4EB72-BAF2-4F43-9F94-0649A25D5193}.Release|.NET.Deploy.0 = Release|Any CPU
		{61A4EB72-BAF2-4F43-9F94-0649A25D5193}.Release|Any CPU.ActiveCfg = Release|Any CPU
		{61A4EB72-BAF2-4F43-9F94-0649A25D5193}.Release|Any CPU.Build.0 = Release|Any CPU
		{61A4EB72-BAF2-4F43-9F94-0649A25D5193}.Release|Any CPU.Deploy.0 = Release|Any CPU
		{61A4EB72-BAF2-4F43-9F94-0649A25D5193}.Standard|.NET.ActiveCfg = Release|Any CPU
		{61A4EB72-BAF2-4F43-9F94-0649A25D5193}.Standard|.NET.Build.0 = Release|Any CPU
		{61A4EB72-BAF2-4F43-9F94-0649A25D5193}.Standard|.NET.Deploy.0 = Release|Any CPU
		{61A4EB72-BAF2-4F43-9F94-0649A25D5193}.Standard|Any CPU.ActiveCfg = Release|Any CPU
		{61A4EB72-BAF2-4F43-9F94-0649A25D5193}.Standard|Any CPU.Build.0 = Release|Any CPU
		{61A4EB72-BAF2-4F43-9F94-0649A25D5193}.Standard|Any CPU.Deploy.0 = Release|Any CPU
		{07F62622-579F-4D95-8631-3C0066B0D6A3}.Debug|.NET.ActiveCfg = Release|Any CPU
		{07F62622-579F-4D95-8631-3C0066B0D6A3}.Debug|.NET.Build.0 = Release|Any CPU
		{07F62622-579F-4D95-8631-3C0066B0D6A3}.Debug|.NET.Deploy.0 = Release|Any CPU
		{07F62622-579F-4D95-8631-3C0066B0D6A3}.Debug|Any CPU.ActiveCfg = Release|Any CPU
		{07F62622-579F-4D95-8631-3C0066B0D6A3}.Debug|Any CPU.Build.0 = Release|Any CPU
		{07F62622-579F-4D95-8631-3C0066B0D6A3}.Debug|Any CPU.Deploy.0 = Release|Any CPU
		{07F62622-579F-4D95-8631-3C0066B0D6A3}.Release|.NET.ActiveCfg = Release|Any CPU
		{07F62622-579F-4D95-8631-3C0066B0D6A3}.Release|.NET.Build.0 = Release|Any CPU
		{07F62622-579F-4D95-8631-3C0066B0D6A3}.Release|.NET.Deploy.0 = Release|Any CPU
		{07F62622-579F-4D95-8631-3C0066B0D6A3}.Release|Any CPU.ActiveCfg = Release|Any CPU
		{07F62622-579F-4D95-8631-3C0066B0D6A3}.Release|Any CPU.Build.0 = Release|Any CPU
		{07F62622-579F-4D95-8631-3C0066B0D6A3}.Release|Any CPU.Deploy.0 = Release|Any CPU
		{07F62622-579F-4D95-8631-3C0066B0D6A3}.Standard|.NET.ActiveCfg = Release|Any CPU
		{07F62622-579F-4D95-8631-3C0066B0D6A3}.Standard|.NET.Build.0 = Release|Any CPU
		{07F62622-579F-4D95-8631-3C0066B0D6A3}.Standard|.NET.Deploy.0 = Release|Any CPU
		{07F62622-579F-4D95-8631-3C0066B0D6A3}.Standard|Any CPU.ActiveCfg = Release|Any CPU
		{07F62622-579F-4D95-8631-3C0066B0D6A3}.Standard|Any CPU.Build.0 = Release|Any CPU
		{07F62622-579F-4D95-8631-3C0066B0D6A3}.Standard|Any CPU.Deploy.0 = Release|Any CPU
		{AC3A6815-91C5-4B51-86B8-30D16347BE70}.Debug|.NET.ActiveCfg = Debug|Any CPU
		{AC3A6815-91C5-4B51-86B8-30D16347BE70}.Debug|.NET.Build.0 = Debug|Any CPU
		{AC3A6815-91C5-4B51-86B8-30D16347BE70}.Debug|Any CPU.ActiveCfg = Debug|Any CPU
		{AC3A6815-91C5-4B51-86B8-30D16347BE70}.Debug|Any CPU.Build.0 = Debug|Any CPU
		{AC3A6815-91C5-4B51-86B8-30D16347BE70}.Release|.NET.ActiveCfg = Debug|Any CPU
		{AC3A6815-91C5-4B51-86B8-30D16347BE70}.Release|.NET.Build.0 = Debug|Any CPU
		{AC3A6815-91C5-4B51-86B8-30D16347BE70}.Release|Any CPU.ActiveCfg = Release|Any CPU
		{AC3A6815-91C5-4B51-86B8-30D16347BE70}.Release|Any CPU.Build.0 = Release|Any CPU
		{AC3A6815-91C5-4B51-86B8-30D16347BE70}.Standard|.NET.ActiveCfg = Release|Any CPU
		{AC3A6815-91C5-4B51-86B8-30D16347BE70}.Standard|Any CPU.ActiveCfg = Release|Any CPU
		{AC3A6815-91C5-4B51-86B8-30D16347BE70}.Standard|Any CPU.Build.0 = Release|Any CPU
		{4D9BE62E-C822-4006-84AC-A5D903BEE3DF}.Debug|.NET.ActiveCfg = Release|Any CPU
		{4D9BE62E-C822-4006-84AC-A5D903BEE3DF}.Debug|.NET.Build.0 = Release|Any CPU
		{4D9BE62E-C822-4006-84AC-A5D903BEE3DF}.Debug|.NET.Deploy.0 = Release|Any CPU
		{4D9BE62E-C822-4006-84AC-A5D903BEE3DF}.Debug|Any CPU.ActiveCfg = Release|Any CPU
		{4D9BE62E-C822-4006-84AC-A5D903BEE3DF}.Debug|Any CPU.Build.0 = Release|Any CPU
		{4D9BE62E-C822-4006-84AC-A5D903BEE3DF}.Debug|Any CPU.Deploy.0 = Release|Any CPU
		{4D9BE62E-C822-4006-84AC-A5D903BEE3DF}.Release|.NET.ActiveCfg = Release|Any CPU
		{4D9BE62E-C822-4006-84AC-A5D903BEE3DF}.Release|.NET.Build.0 = Release|Any CPU
		{4D9BE62E-C822-4006-84AC-A5D903BEE3DF}.Release|.NET.Deploy.0 = Release|Any CPU
		{4D9BE62E-C822-4006-84AC-A5D903BEE3DF}.Release|Any CPU.ActiveCfg = Release|Any CPU
		{4D9BE62E-C822-4006-84AC-A5D903BEE3DF}.Release|Any CPU.Build.0 = Release|Any CPU
		{4D9BE62E-C822-4006-84AC-A5D903BEE3DF}.Release|Any CPU.Deploy.0 = Release|Any CPU
		{4D9BE62E-C822-4006-84AC-A5D903BEE3DF}.Standard|.NET.ActiveCfg = Release|Any CPU
		{4D9BE62E-C822-4006-84AC-A5D903BEE3DF}.Standard|Any CPU.ActiveCfg = Release|Any CPU
		{4D9BE62E-C822-4006-84AC-A5D903BEE3DF}.Standard|Any CPU.Build.0 = Release|Any CPU
		{4D9BE62E-C822-4006-84AC-A5D903BEE3DF}.Standard|Any CPU.Deploy.0 = Release|Any CPU
	EndGlobalSection
	GlobalSection(SolutionProperties) = preSolution
		HideSolutionNode = FALSE
	EndGlobalSection
EndGlobal
