Microsoft Visual Studio Solution File, Format Version 12.00
# Visual Studio 11
Project("{FAE04EC0-301F-11D3-BF4B-00C04F79EFBC}") = "RulesForMedicalClaims", "RulesForMedicalClaims.csproj", "{D56675DC-2F43-4724-9D98-0E44EA0B1A69}"
EndProject
Global
	GlobalSection(SolutionConfigurationPlatforms) = preSolution
		Debug|Any CPU = Debug|Any CPU
		Release|Any CPU = Release|Any CPU
	EndGlobalSection
	GlobalSection(ProjectConfigurationPlatforms) = postSolution
		{D56675DC-2F43-4724-9D98-0E44EA0B1A69}.Debug|Any CPU.ActiveCfg = Debug|Any CPU
		{D56675DC-2F43-4724-9D98-0E44EA0B1A69}.Debug|Any CPU.Build.0 = Debug|Any CPU
		{D56675DC-2F43-4724-9D98-0E44EA0B1A69}.Release|Any CPU.ActiveCfg = Release|Any CPU
		{D56675DC-2F43-4724-9D98-0E44EA0B1A69}.Release|Any CPU.Build.0 = Release|Any CPU
	EndGlobalSection
	GlobalSection(SolutionProperties) = preSolution
		HideSolutionNode = FALSE
	EndGlobalSection
EndGlobal
