Microsoft Visual Studio Solution File, Format Version 12.00
# Visual Studio 11
Project("{FAE04EC0-301F-11D3-BF4B-00C04F79EFBC}") = "Claims", "Claims.csproj", "{F1CABF51-D849-465F-B77F-8355CFA18445}"
EndProject
Global
	GlobalSection(SolutionConfigurationPlatforms) = preSolution
		Debug|Any CPU = Debug|Any CPU
		Release|Any CPU = Release|Any CPU
	EndGlobalSection
	GlobalSection(ProjectConfigurationPlatforms) = postSolution
		{F1CABF51-D849-465F-B77F-8355CFA18445}.Debug|Any CPU.ActiveCfg = Debug|Any CPU
		{F1CABF51-D849-465F-B77F-8355CFA18445}.Debug|Any CPU.Build.0 = Debug|Any CPU
		{F1CABF51-D849-465F-B77F-8355CFA18445}.Release|Any CPU.ActiveCfg = Release|Any CPU
		{F1CABF51-D849-465F-B77F-8355CFA18445}.Release|Any CPU.Build.0 = Release|Any CPU
	EndGlobalSection
	GlobalSection(SolutionProperties) = preSolution
		HideSolutionNode = FALSE
	EndGlobalSection
EndGlobal
