
Microsoft Visual Studio Solution File, Format Version 12.00
# Visual Studio 11
Project("{FAE04EC0-301F-11D3-BF4B-00C04F79EFBC}") = "Orchestrations", "Orchestrations\Orchestrations.btproj", "{B405BDCB-43BE-4ECE-A89B-BC38010D0700}"
EndProject
Project("{FAE04EC0-301F-11D3-BF4B-00C04F79EFBC}") = "Schemas", "Schemas\Schemas.btproj", "{F60418EB-CEF5-4069-9716-30FEE58FB739}"
EndProject
Project("{FAE04EC0-301F-11D3-BF4B-00C04F79EFBC}") = "Maps", "Maps\Maps.btproj", "{456064E0-2B23-4679-9E2B-1EBAC39FBD0C}"
EndProject
Global
	GlobalSection(SolutionConfigurationPlatforms) = preSolution
		Debug|Any CPU = Debug|Any CPU
		Release|Any CPU = Release|Any CPU
	EndGlobalSection
	GlobalSection(ProjectConfigurationPlatforms) = postSolution
		{B405BDCB-43BE-4ECE-A89B-BC38010D0700}.Debug|Any CPU.ActiveCfg = Debug|Any CPU
		{B405BDCB-43BE-4ECE-A89B-BC38010D0700}.Debug|Any CPU.Build.0 = Debug|Any CPU
		{B405BDCB-43BE-4ECE-A89B-BC38010D0700}.Debug|Any CPU.Deploy.0 = Debug|Any CPU
		{B405BDCB-43BE-4ECE-A89B-BC38010D0700}.Release|Any CPU.ActiveCfg = Release|Any CPU
		{B405BDCB-43BE-4ECE-A89B-BC38010D0700}.Release|Any CPU.Build.0 = Release|Any CPU
		{B405BDCB-43BE-4ECE-A89B-BC38010D0700}.Release|Any CPU.Deploy.0 = Release|Any CPU
		{F60418EB-CEF5-4069-9716-30FEE58FB739}.Debug|Any CPU.ActiveCfg = Debug|Any CPU
		{F60418EB-CEF5-4069-9716-30FEE58FB739}.Debug|Any CPU.Build.0 = Debug|Any CPU
		{F60418EB-CEF5-4069-9716-30FEE58FB739}.Debug|Any CPU.Deploy.0 = Debug|Any CPU
		{F60418EB-CEF5-4069-9716-30FEE58FB739}.Release|Any CPU.ActiveCfg = Release|Any CPU
		{F60418EB-CEF5-4069-9716-30FEE58FB739}.Release|Any CPU.Build.0 = Release|Any CPU
		{F60418EB-CEF5-4069-9716-30FEE58FB739}.Release|Any CPU.Deploy.0 = Release|Any CPU
		{456064E0-2B23-4679-9E2B-1EBAC39FBD0C}.Debug|Any CPU.ActiveCfg = Debug|Any CPU
		{456064E0-2B23-4679-9E2B-1EBAC39FBD0C}.Debug|Any CPU.Build.0 = Debug|Any CPU
		{456064E0-2B23-4679-9E2B-1EBAC39FBD0C}.Debug|Any CPU.Deploy.0 = Debug|Any CPU
		{456064E0-2B23-4679-9E2B-1EBAC39FBD0C}.Release|Any CPU.ActiveCfg = Release|Any CPU
		{456064E0-2B23-4679-9E2B-1EBAC39FBD0C}.Release|Any CPU.Build.0 = Release|Any CPU
		{456064E0-2B23-4679-9E2B-1EBAC39FBD0C}.Release|Any CPU.Deploy.0 = Release|Any CPU
	EndGlobalSection
	GlobalSection(SolutionProperties) = preSolution
		HideSolutionNode = FALSE
	EndGlobalSection
EndGlobal
