Microsoft Visual Studio Solution File, Format Version 12.00
# Visual Studio 11
Project("{FAE04EC0-301F-11D3-BF4B-00C04F79EFBC}") = "Microsoft.Samples.BizTalk.Adapter.Common", "..\BaseAdapter\v1.0.2\Microsoft.Samples.BizTalk.Adapter.Common.csproj", "{44B780E7-6D79-4BAF-9994-28CFFA1172A6}"
EndProject
Project("{FAE04EC0-301F-11D3-BF4B-00C04F79EFBC}") = "AdapterManagement", "Design-Time\Adapter Management\AdapterManagement.csproj", "{2517F73A-C428-42DD-8A90-094E446ABC5E}"
	ProjectSection(ProjectDependencies) = postProject
		{B335571D-5C98-48E4-9D82-86DA0FA44FB9} = {B335571D-5C98-48E4-9D82-86DA0FA44FB9}
		{EAEB9667-DFBA-46DF-B0C6-F3ED0DD38FE5} = {EAEB9667-DFBA-46DF-B0C6-F3ED0DD38FE5}
	EndProjectSection
EndProject
Project("{FAE04EC0-301F-11D3-BF4B-00C04F79EFBC}") = "HttpTransmitter", "Run-Time\HttpSend\HttpTransmitter.csproj", "{B335571D-5C98-48E4-9D82-86DA0FA44FB9}"
	ProjectSection(ProjectDependencies) = postProject
		{44B780E7-6D79-4BAF-9994-28CFFA1172A6} = {44B780E7-6D79-4BAF-9994-28CFFA1172A6}
	EndProjectSection
EndProject
Project("{FAE04EC0-301F-11D3-BF4B-00C04F79EFBC}") = "HttpReceive", "Run-Time\HttpReceive\HttpReceive.csproj", "{EAEB9667-DFBA-46DF-B0C6-F3ED0DD38FE5}"
	ProjectSection(ProjectDependencies) = postProject
		{44B780E7-6D79-4BAF-9994-28CFFA1172A6} = {44B780E7-6D79-4BAF-9994-28CFFA1172A6}
	EndProjectSection
EndProject
Global
	GlobalSection(SolutionConfigurationPlatforms) = preSolution
		Debug|.NET = Debug|.NET
		Debug|Any CPU = Debug|Any CPU
		Debug|Mixed Platforms = Debug|Mixed Platforms
		Release|.NET = Release|.NET
		Release|Any CPU = Release|Any CPU
		Release|Mixed Platforms = Release|Mixed Platforms
	EndGlobalSection
	GlobalSection(ProjectConfigurationPlatforms) = postSolution
		{44B780E7-6D79-4BAF-9994-28CFFA1172A6}.Debug|.NET.ActiveCfg = Debug|Any CPU
		{44B780E7-6D79-4BAF-9994-28CFFA1172A6}.Debug|Any CPU.ActiveCfg = Debug|Any CPU
		{44B780E7-6D79-4BAF-9994-28CFFA1172A6}.Debug|Any CPU.Build.0 = Debug|Any CPU
		{44B780E7-6D79-4BAF-9994-28CFFA1172A6}.Debug|Mixed Platforms.ActiveCfg = Debug|Any CPU
		{44B780E7-6D79-4BAF-9994-28CFFA1172A6}.Debug|Mixed Platforms.Build.0 = Debug|Any CPU
		{44B780E7-6D79-4BAF-9994-28CFFA1172A6}.Release|.NET.ActiveCfg = Release|Any CPU
		{44B780E7-6D79-4BAF-9994-28CFFA1172A6}.Release|Any CPU.ActiveCfg = Release|Any CPU
		{44B780E7-6D79-4BAF-9994-28CFFA1172A6}.Release|Any CPU.Build.0 = Release|Any CPU
		{44B780E7-6D79-4BAF-9994-28CFFA1172A6}.Release|Mixed Platforms.ActiveCfg = Release|Any CPU
		{44B780E7-6D79-4BAF-9994-28CFFA1172A6}.Release|Mixed Platforms.Build.0 = Release|Any CPU
		{2517F73A-C428-42DD-8A90-094E446ABC5E}.Debug|.NET.ActiveCfg = Debug|Any CPU
		{2517F73A-C428-42DD-8A90-094E446ABC5E}.Debug|Any CPU.ActiveCfg = Debug|Any CPU
		{2517F73A-C428-42DD-8A90-094E446ABC5E}.Debug|Any CPU.Build.0 = Debug|Any CPU
		{2517F73A-C428-42DD-8A90-094E446ABC5E}.Debug|Mixed Platforms.ActiveCfg = Debug|Any CPU
		{2517F73A-C428-42DD-8A90-094E446ABC5E}.Debug|Mixed Platforms.Build.0 = Debug|Any CPU
		{2517F73A-C428-42DD-8A90-094E446ABC5E}.Release|.NET.ActiveCfg = Release|Any CPU
		{2517F73A-C428-42DD-8A90-094E446ABC5E}.Release|Any CPU.ActiveCfg = Release|Any CPU
		{2517F73A-C428-42DD-8A90-094E446ABC5E}.Release|Any CPU.Build.0 = Release|Any CPU
		{2517F73A-C428-42DD-8A90-094E446ABC5E}.Release|Mixed Platforms.ActiveCfg = Release|Any CPU
		{2517F73A-C428-42DD-8A90-094E446ABC5E}.Release|Mixed Platforms.Build.0 = Release|Any CPU
		{B335571D-5C98-48E4-9D82-86DA0FA44FB9}.Debug|.NET.ActiveCfg = Debug|Any CPU
		{B335571D-5C98-48E4-9D82-86DA0FA44FB9}.Debug|Any CPU.ActiveCfg = Debug|Any CPU
		{B335571D-5C98-48E4-9D82-86DA0FA44FB9}.Debug|Any CPU.Build.0 = Debug|Any CPU
		{B335571D-5C98-48E4-9D82-86DA0FA44FB9}.Debug|Mixed Platforms.ActiveCfg = Debug|Any CPU
		{B335571D-5C98-48E4-9D82-86DA0FA44FB9}.Debug|Mixed Platforms.Build.0 = Debug|Any CPU
		{B335571D-5C98-48E4-9D82-86DA0FA44FB9}.Release|.NET.ActiveCfg = Release|Any CPU
		{B335571D-5C98-48E4-9D82-86DA0FA44FB9}.Release|Any CPU.ActiveCfg = Release|Any CPU
		{B335571D-5C98-48E4-9D82-86DA0FA44FB9}.Release|Any CPU.Build.0 = Release|Any CPU
		{B335571D-5C98-48E4-9D82-86DA0FA44FB9}.Release|Mixed Platforms.ActiveCfg = Release|Any CPU
		{B335571D-5C98-48E4-9D82-86DA0FA44FB9}.Release|Mixed Platforms.Build.0 = Release|Any CPU
		{EAEB9667-DFBA-46DF-B0C6-F3ED0DD38FE5}.Debug|.NET.ActiveCfg = Debug|Any CPU
		{EAEB9667-DFBA-46DF-B0C6-F3ED0DD38FE5}.Debug|Any CPU.ActiveCfg = Debug|Any CPU
		{EAEB9667-DFBA-46DF-B0C6-F3ED0DD38FE5}.Debug|Any CPU.Build.0 = Debug|Any CPU
		{EAEB9667-DFBA-46DF-B0C6-F3ED0DD38FE5}.Debug|Mixed Platforms.ActiveCfg = Debug|Any CPU
		{EAEB9667-DFBA-46DF-B0C6-F3ED0DD38FE5}.Debug|Mixed Platforms.Build.0 = Debug|Any CPU
		{EAEB9667-DFBA-46DF-B0C6-F3ED0DD38FE5}.Release|.NET.ActiveCfg = Release|Any CPU
		{EAEB9667-DFBA-46DF-B0C6-F3ED0DD38FE5}.Release|Any CPU.ActiveCfg = Release|Any CPU
		{EAEB9667-DFBA-46DF-B0C6-F3ED0DD38FE5}.Release|Any CPU.Build.0 = Release|Any CPU
		{EAEB9667-DFBA-46DF-B0C6-F3ED0DD38FE5}.Release|Mixed Platforms.ActiveCfg = Release|Any CPU
		{EAEB9667-DFBA-46DF-B0C6-F3ED0DD38FE5}.Release|Mixed Platforms.Build.0 = Release|Any CPU
	EndGlobalSection
	GlobalSection(SolutionProperties) = preSolution
		HideSolutionNode = FALSE
	EndGlobalSection
EndGlobal
