
Microsoft Visual Studio Solution File, Format Version 12.00
# Visual Studio 11
Project("{FAE04EC0-301F-11D3-BF4B-00C04F79EFBC}") = "PipelinesAndSchemas", "PipelinesAndSchemas\PipelinesAndSchemas.btproj", "{48956EF6-1CEE-4B1E-AE72-5BE5806BC114}"
EndProject
Project("{FAE04EC0-301F-11D3-BF4B-00C04F79EFBC}") = "Aggregate", "Aggregate\Aggregate.btproj", "{1DD9C5E1-064A-45C1-B9A5-1254B84717A8}"
EndProject
Global
	GlobalSection(SolutionConfigurationPlatforms) = preSolution
		Debug|Any CPU = Debug|Any CPU
		Release|Any CPU = Release|Any CPU
	EndGlobalSection
	GlobalSection(ProjectConfigurationPlatforms) = postSolution
		{48956EF6-1CEE-4B1E-AE72-5BE5806BC114}.Debug|Any CPU.ActiveCfg = Debug|Any CPU
		{48956EF6-1CEE-4B1E-AE72-5BE5806BC114}.Debug|Any CPU.Build.0 = Debug|Any CPU
		{48956EF6-1CEE-4B1E-AE72-5BE5806BC114}.Debug|Any CPU.Deploy.0 = Debug|Any CPU
		{48956EF6-1CEE-4B1E-AE72-5BE5806BC114}.Release|Any CPU.ActiveCfg = Release|Any CPU
		{48956EF6-1CEE-4B1E-AE72-5BE5806BC114}.Release|Any CPU.Build.0 = Release|Any CPU
		{48956EF6-1CEE-4B1E-AE72-5BE5806BC114}.Release|Any CPU.Deploy.0 = Release|Any CPU
		{1DD9C5E1-064A-45C1-B9A5-1254B84717A8}.Debug|Any CPU.ActiveCfg = Debug|Any CPU
		{1DD9C5E1-064A-45C1-B9A5-1254B84717A8}.Debug|Any CPU.Build.0 = Debug|Any CPU
		{1DD9C5E1-064A-45C1-B9A5-1254B84717A8}.Debug|Any CPU.Deploy.0 = Debug|Any CPU
		{1DD9C5E1-064A-45C1-B9A5-1254B84717A8}.Release|Any CPU.ActiveCfg = Release|Any CPU
		{1DD9C5E1-064A-45C1-B9A5-1254B84717A8}.Release|Any CPU.Build.0 = Release|Any CPU
		{1DD9C5E1-064A-45C1-B9A5-1254B84717A8}.Release|Any CPU.Deploy.0 = Release|Any CPU
	EndGlobalSection
	GlobalSection(SolutionProperties) = preSolution
		HideSolutionNode = FALSE
	EndGlobalSection
EndGlobal
